
Microsoft Visual Studio Solution File, Format Version 12.00
# Visual Studio Version 17
VisualStudioVersion = 17.8.34322.80
MinimumVisualStudioVersion = 10.0.40219.1
Project("{9A19103F-16F7-4668-BE54-9A1E7A4F7556}") = "ECommerce", "ECommerce\ECommerce.csproj", "{5305143E-AE95-4666-AF48-0AD967335CE7}"
EndProject
Project("{9A19103F-16F7-4668-BE54-9A1E7A4F7556}") = "IOC", "IOC\IOC.csproj", "{45B225A9-7AB7-47FE-88BA-350485D03B42}"
EndProject
Project("{9A19103F-16F7-4668-BE54-9A1E7A4F7556}") = "Repository", "Repository\Repository.csproj", "{B284CB47-9C28-44C8-B14B-14E664CF85D3}"
EndProject
Project("{9A19103F-16F7-4668-BE54-9A1E7A4F7556}") = "Entity", "Entity\Entity.csproj", "{E61DDBD8-1225-46E6-9DDF-E9C695469F85}"
EndProject
Project("{9A19103F-16F7-4668-BE54-9A1E7A4F7556}") = "DAL", "DAL\DAL.csproj", "{25AD5B31-E5DD-4E3F-9375-861065F6F562}"
EndProject
Project("{9A19103F-16F7-4668-BE54-9A1E7A4F7556}") = "Utility", "Utility\Utility.csproj", "{01E54C45-7C81-4F15-8FC0-0D871F34EEC9}"
EndProject
Project("{2150E333-8FDC-42A3-9474-1A3956D46DE8}") = "Solution Items", "Solution Items", "{E76A4F13-B56D-42F8-9537-17ADE6B05CBF}"
	ProjectSection(SolutionItems) = preProject
		Info.txt = Info.txt
		ngrok.txt = ngrok.txt
		stripe.txt = stripe.txt
	EndProjectSection
EndProject
Global
	GlobalSection(SolutionConfigurationPlatforms) = preSolution
		Debug|Any CPU = Debug|Any CPU
		Release|Any CPU = Release|Any CPU
	EndGlobalSection
	GlobalSection(ProjectConfigurationPlatforms) = postSolution
		{5305143E-AE95-4666-AF48-0AD967335CE7}.Debug|Any CPU.ActiveCfg = Debug|Any CPU
		{5305143E-AE95-4666-AF48-0AD967335CE7}.Debug|Any CPU.Build.0 = Debug|Any CPU
		{5305143E-AE95-4666-AF48-0AD967335CE7}.Release|Any CPU.ActiveCfg = Release|Any CPU
		{5305143E-AE95-4666-AF48-0AD967335CE7}.Release|Any CPU.Build.0 = Release|Any CPU
		{45B225A9-7AB7-47FE-88BA-350485D03B42}.Debug|Any CPU.ActiveCfg = Debug|Any CPU
		{45B225A9-7AB7-47FE-88BA-350485D03B42}.Debug|Any CPU.Build.0 = Debug|Any CPU
		{45B225A9-7AB7-47FE-88BA-350485D03B42}.Release|Any CPU.ActiveCfg = Release|Any CPU
		{45B225A9-7AB7-47FE-88BA-350485D03B42}.Release|Any CPU.Build.0 = Release|Any CPU
		{B284CB47-9C28-44C8-B14B-14E664CF85D3}.Debug|Any CPU.ActiveCfg = Debug|Any CPU
		{B284CB47-9C28-44C8-B14B-14E664CF85D3}.Debug|Any CPU.Build.0 = Debug|Any CPU
		{B284CB47-9C28-44C8-B14B-14E664CF85D3}.Release|Any CPU.ActiveCfg = Release|Any CPU
		{B284CB47-9C28-44C8-B14B-14E664CF85D3}.Release|Any CPU.Build.0 = Release|Any CPU
		{E61DDBD8-1225-46E6-9DDF-E9C695469F85}.Debug|Any CPU.ActiveCfg = Debug|Any CPU
		{E61DDBD8-1225-46E6-9DDF-E9C695469F85}.Debug|Any CPU.Build.0 = Debug|Any CPU
		{E61DDBD8-1225-46E6-9DDF-E9C695469F85}.Release|Any CPU.ActiveCfg = Release|Any CPU
		{E61DDBD8-1225-46E6-9DDF-E9C695469F85}.Release|Any CPU.Build.0 = Release|Any CPU
		{25AD5B31-E5DD-4E3F-9375-861065F6F562}.Debug|Any CPU.ActiveCfg = Debug|Any CPU
		{25AD5B31-E5DD-4E3F-9375-861065F6F562}.Debug|Any CPU.Build.0 = Debug|Any CPU
		{25AD5B31-E5DD-4E3F-9375-861065F6F562}.Release|Any CPU.ActiveCfg = Release|Any CPU
		{25AD5B31-E5DD-4E3F-9375-861065F6F562}.Release|Any CPU.Build.0 = Release|Any CPU
		{01E54C45-7C81-4F15-8FC0-0D871F34EEC9}.Debug|Any CPU.ActiveCfg = Debug|Any CPU
		{01E54C45-7C81-4F15-8FC0-0D871F34EEC9}.Debug|Any CPU.Build.0 = Debug|Any CPU
		{01E54C45-7C81-4F15-8FC0-0D871F34EEC9}.Release|Any CPU.ActiveCfg = Release|Any CPU
		{01E54C45-7C81-4F15-8FC0-0D871F34EEC9}.Release|Any CPU.Build.0 = Release|Any CPU
	EndGlobalSection
	GlobalSection(SolutionProperties) = preSolution
		HideSolutionNode = FALSE
	EndGlobalSection
	GlobalSection(ExtensibilityGlobals) = postSolution
		SolutionGuid = {A196CF4C-3CF8-4FBA-963E-8FF94A067BCD}
	EndGlobalSection
EndGlobal
