
Microsoft Visual Studio Solution File, Format Version 12.00
# Visual Studio Version 17
VisualStudioVersion = 17.8.34322.80
MinimumVisualStudioVersion = 10.0.40219.1
Project("{FAE04EC0-301F-11D3-BF4B-00C04F79EFBC}") = "ECommerce", "ECommerce\ECommerce.csproj", "{5305143E-AE95-4666-AF48-0AD967335CE7}"
EndProject
Global
	GlobalSection(SolutionConfigurationPlatforms) = preSolution
		Debug|Any CPU = Debug|Any CPU
		Release|Any CPU = Release|Any CPU
	EndGlobalSection
	GlobalSection(ProjectConfigurationPlatforms) = postSolution
		{5305143E-AE95-4666-AF48-0AD967335CE7}.Debug|Any CPU.ActiveCfg = Debug|Any CPU
		{5305143E-AE95-4666-AF48-0AD967335CE7}.Debug|Any CPU.Build.0 = Debug|Any CPU
		{5305143E-AE95-4666-AF48-0AD967335CE7}.Release|Any CPU.ActiveCfg = Release|Any CPU
		{5305143E-AE95-4666-AF48-0AD967335CE7}.Release|Any CPU.Build.0 = Release|Any CPU
	EndGlobalSection
	GlobalSection(SolutionProperties) = preSolution
		HideSolutionNode = FALSE
	EndGlobalSection
	GlobalSection(ExtensibilityGlobals) = postSolution
		SolutionGuid = {A196CF4C-3CF8-4FBA-963E-8FF94A067BCD}
	EndGlobalSection
EndGlobal
